
Microsoft Visual Studio Solution File, Format Version 12.00
# Visual Studio Version 16
VisualStudioVersion = 16.0.810.3
MinimumVisualStudioVersion = 10.0.40219.1
Project("{FAE04EC0-301F-11D3-BF4B-00C04F79EFBC}") = "RandomExtensions", "RandomExtensions\RandomExtensions.csproj", "{ED91AB8A-4722-4C83-B760-29B266FAA0AC}"
EndProject
Project("{FAE04EC0-301F-11D3-BF4B-00C04F79EFBC}") = "RandomExtensions.Tests", "RandomExtensions.Tests\RandomExtensions.Tests.csproj", "{F38DF9E3-25A7-4566-8AE4-19C05DA5B738}"
EndProject
Global
	GlobalSection(SolutionConfigurationPlatforms) = preSolution
		Debug|Any CPU = Debug|Any CPU
		Release|Any CPU = Release|Any CPU
	EndGlobalSection
	GlobalSection(ProjectConfigurationPlatforms) = postSolution
		{ED91AB8A-4722-4C83-B760-29B266FAA0AC}.Debug|Any CPU.ActiveCfg = Debug|Any CPU
		{ED91AB8A-4722-4C83-B760-29B266FAA0AC}.Debug|Any CPU.Build.0 = Debug|Any CPU
		{ED91AB8A-4722-4C83-B760-29B266FAA0AC}.Release|Any CPU.ActiveCfg = Release|Any CPU
		{ED91AB8A-4722-4C83-B760-29B266FAA0AC}.Release|Any CPU.Build.0 = Release|Any CPU
		{F38DF9E3-25A7-4566-8AE4-19C05DA5B738}.Debug|Any CPU.ActiveCfg = Debug|Any CPU
		{F38DF9E3-25A7-4566-8AE4-19C05DA5B738}.Debug|Any CPU.Build.0 = Debug|Any CPU
		{F38DF9E3-25A7-4566-8AE4-19C05DA5B738}.Release|Any CPU.ActiveCfg = Release|Any CPU
		{F38DF9E3-25A7-4566-8AE4-19C05DA5B738}.Release|Any CPU.Build.0 = Release|Any CPU
	EndGlobalSection
	GlobalSection(SolutionProperties) = preSolution
		HideSolutionNode = FALSE
	EndGlobalSection
	GlobalSection(ExtensibilityGlobals) = postSolution
		SolutionGuid = {DD8E5A0D-F2AC-4E87-BF08-E1979006EF80}
	EndGlobalSection
EndGlobal
